// !$*UTF8*$!
{
	archiveVersion = 1;
	classes = {
	};
	objectVersion = 46;
	objects = {

/* Begin PBXBuildFile section */
		7AE34B8A1DFBA30600969CBE /* main.m in Sources */ = {isa = PBXBuildFile; fileRef = 7AE34B891DFBA30500969CBE /* main.m */; };
		7AE34B951DFBAB4800969CBE /* InstantMessage.m in Sources */ = {isa = PBXBuildFile; fileRef = 7AE34B941DFBAB4800969CBE /* InstantMessage.m */; };
		7AE34B9B1DFBB54F00969CBE /* Presentity.m in Sources */ = {isa = PBXBuildFile; fileRef = 7AE34B9A1DFBB54F00969CBE /* Presentity.m */; };
/* End PBXBuildFile section */

/* Begin PBXCopyFilesBuildPhase section */
		7AE34B841DFBA30500969CBE /* CopyFiles */ = {
			isa = PBXCopyFilesBuildPhase;
			buildActionMask = 2147483647;
			dstPath = /usr/share/man/man1/;
			dstSubfolderSpec = 0;
			files = (
			);
			runOnlyForDeploymentPostprocessing = 1;
		};
/* End PBXCopyFilesBuildPhase section */

/* Begin PBXFileReference section */
		7AE34B861DFBA30500969CBE /* ichat2json */ = {isa = PBXFileReference; explicitFileType = "compiled.mach-o.executable"; includeInIndex = 0; path = ichat2json; sourceTree = BUILT_PRODUCTS_DIR; };
		7AE34B891DFBA30500969CBE /* main.m */ = {isa = PBXFileReference; lastKnownFileType = sourcecode.c.objc; path = main.m; sourceTree = "<group>"; };
		7AE34B931DFBAB4800969CBE /* InstantMessage.h */ = {isa = PBXFileReference; fileEncoding = 4; lastKnownFileType = sourcecode.c.h; path = InstantMessage.h; sourceTree = "<group>"; };
		7AE34B941DFBAB4800969CBE /* InstantMessage.m */ = {isa = PBXFileReference; fileEncoding = 4; lastKnownFileType = sourcecode.c.objc; path = InstantMessage.m; sourceTree = "<group>"; };
		7AE34B991DFBB54F00969CBE /* Presentity.h */ = {isa = PBXFileReference; fileEncoding = 4; lastKnownFileType = sourcecode.c.h; path = Presentity.h; sourceTree = "<group>"; };
		7AE34B9A1DFBB54F00969CBE /* Presentity.m */ = {isa = PBXFileReference; fileEncoding = 4; lastKnownFileType = sourcecode.c.objc; path = Presentity.m; sourceTree = "<group>"; };
/* End PBXFileReference section */

/* Begin PBXFrameworksBuildPhase section */
		7AE34B831DFBA30500969CBE /* Frameworks */ = {
			isa = PBXFrameworksBuildPhase;
			buildActionMask = 2147483647;
			files = (
			);
			runOnlyForDeploymentPostprocessing = 0;
		};
/* End PBXFrameworksBuildPhase section */

/* Begin PBXGroup section */
		7AE34B7D1DFBA30500969CBE = {
			isa = PBXGroup;
			children = (
				7AE34B881DFBA30500969CBE /* ichat2json */,
				7AE34B871DFBA30500969CBE /* Products */,
			);
			sourceTree = "<group>";
		};
		7AE34B871DFBA30500969CBE /* Products */ = {
			isa = PBXGroup;
			children = (
				7AE34B861DFBA30500969CBE /* ichat2json */,
			);
			name = Products;
			sourceTree = "<group>";
		};
		7AE34B881DFBA30500969CBE /* ichat2json */ = {
			isa = PBXGroup;
			children = (
				7AE34B991DFBB54F00969CBE /* Presentity.h */,
				7AE34B9A1DFBB54F00969CBE /* Presentity.m */,
				7AE34B891DFBA30500969CBE /* main.m */,
				7AE34B931DFBAB4800969CBE /* InstantMessage.h */,
				7AE34B941DFBAB4800969CBE /* InstantMessage.m */,
			);
			path = ichat2json;
			sourceTree = "<group>";
		};
/* End PBXGroup section */

/* Begin PBXNativeTarget section */
		7AE34B851DFBA30500969CBE /* ichat2json */ = {
			isa = PBXNativeTarget;
			buildConfigurationList = 7AE34B8D1DFBA30600969CBE /* Build configuration list for PBXNativeTarget "ichat2json" */;
			buildPhases = (
				7AE34B821DFBA30500969CBE /* Sources */,
				7AE34B831DFBA30500969CBE /* Frameworks */,
				7AE34B841DFBA30500969CBE /* CopyFiles */,
			);
			buildRules = (
			);
			dependencies = (
			);
			name = ichat2json;
			productName = ichat2json;
			productReference = 7AE34B861DFBA30500969CBE /* ichat2json */;
			productType = "com.apple.product-type.tool";
		};
/* End PBXNativeTarget section */

/* Begin PBXProject section */
		7AE34B7E1DFBA30500969CBE /* Project object */ = {
			isa = PBXProject;
			attributes = {
				LastUpgradeCheck = 0730;
				ORGANIZATIONNAME = "Keyvan Fatehi";
				TargetAttributes = {
					7AE34B851DFBA30500969CBE = {
						CreatedOnToolsVersion = 7.3.1;
					};
				};
			};
			buildConfigurationList = 7AE34B811DFBA30500969CBE /* Build configuration list for PBXProject "ichat2json" */;
			compatibilityVersion = "Xcode 3.2";
			developmentRegion = English;
			hasScannedForEncodings = 0;
			knownRegions = (
				en,
			);
			mainGroup = 7AE34B7D1DFBA30500969CBE;
			productRefGroup = 7AE34B871DFBA30500969CBE /* Products */;
			projectDirPath = "";
			projectRoot = "";
			targets = (
				7AE34B851DFBA30500969CBE /* ichat2json */,
			);
		};
/* End PBXProject section */

/* Begin PBXSourcesBuildPhase section */
		7AE34B821DFBA30500969CBE /* Sources */ = {
			isa = PBXSourcesBuildPhase;
			buildActionMask = 2147483647;
			files = (
				7AE34B9B1DFBB54F00969CBE /* Presentity.m in Sources */,
				7AE34B8A1DFBA30600969CBE /* main.m in Sources */,
				7AE34B951DFBAB4800969CBE /* InstantMessage.m in Sources */,
			);
			runOnlyForDeploymentPostprocessing = 0;
		};
/* End PBXSourcesBuildPhase section */

/* Begin XCBuildConfiguration section */
		7AE34B8B1DFBA30600969CBE /* Debug */ = {
			isa = XCBuildConfiguration;
			buildSettings = {
				ALWAYS_SEARCH_USER_PATHS = NO;
				CLANG_ANALYZER_NONNULL = YES;
				CLANG_CXX_LANGUAGE_STANDARD = "gnu++0x";
				CLANG_CXX_LIBRARY = "libc++";
				CLANG_ENABLE_MODULES = YES;
				CLANG_ENABLE_OBJC_ARC = YES;
				CLANG_WARN_BOOL_CONVERSION = YES;
				CLANG_WARN_CONSTANT_CONVERSION = YES;
				CLANG_WARN_DIRECT_OBJC_ISA_USAGE = YES_ERROR;
				CLANG_WARN_EMPTY_BODY = YES;
				CLANG_WARN_ENUM_CONVERSION = YES;
				CLANG_WARN_INT_CONVERSION = YES;
				CLANG_WARN_OBJC_ROOT_CLASS = YES_ERROR;
				CLANG_WARN_UNREACHABLE_CODE = YES;
				CLANG_WARN__DUPLICATE_METHOD_MATCH = YES;
				CODE_SIGN_IDENTITY = "-";
				COPY_PHASE_STRIP = NO;
				DEBUG_INFORMATION_FORMAT = dwarf;
				ENABLE_STRICT_OBJC_MSGSEND = YES;
				ENABLE_TESTABILITY = YES;
				GCC_C_LANGUAGE_STANDARD = gnu99;
				GCC_DYNAMIC_NO_PIC = NO;
				GCC_NO_COMMON_BLOCKS = YES;
				GCC_OPTIMIZATION_LEVEL = 0;
				GCC_PREPROCESSOR_DEFINITIONS = (
					"DEBUG=1",
					"$(inherited)",
				);
				GCC_WARN_64_TO_32_BIT_CONVERSION = YES;
				GCC_WARN_ABOUT_RETURN_TYPE = YES_ERROR;
				GCC_WARN_UNDECLARED_SELECTOR = YES;
				GCC_WARN_UNINITIALIZED_AUTOS = YES_AGGRESSIVE;
				GCC_WARN_UNUSED_FUNCTION = YES;
				GCC_WARN_UNUSED_VARIABLE = YES;
				MACOSX_DEPLOYMENT_TARGET = 10.11;
				MTL_ENABLE_DEBUG_INFO = YES;
				ONLY_ACTIVE_ARCH = YES;
				SDKROOT = macosx;
			};
			name = Debug;
		};
		7AE34B8C1DFBA30600969CBE /* Release */ = {
			isa = XCBuildConfiguration;
			buildSettings = {
				ALWAYS_SEARCH_USER_PATHS = NO;
				CLANG_ANALYZER_NONNULL = YES;
				CLANG_CXX_LANGUAGE_STANDARD = "gnu++0x";
				CLANG_CXX_LIBRARY = "libc++";
				CLANG_ENABLE_MODULES = YES;
				CLANG_ENABLE_OBJC_ARC = YES;
				CLANG_WARN_BOOL_CONVERSION = YES;
				CLANG_WARN_CONSTANT_CONVERSION = YES;
				CLANG_WARN_DIRECT_OBJC_ISA_USAGE = YES_ERROR;
				CLANG_WARN_EMPTY_BODY = YES;
				CLANG_WARN_ENUM_CONVERSION = YES;
				CLANG_WARN_INT_CONVERSION = YES;
				CLANG_WARN_OBJC_ROOT_CLASS = YES_ERROR;
				CLANG_WARN_UNREACHABLE_CODE = YES;
				CLANG_WARN__DUPLICATE_METHOD_MATCH = YES;
				CODE_SIGN_IDENTITY = "-";
				COPY_PHASE_STRIP = NO;
				DEBUG_INFORMATION_FORMAT = "dwarf-with-dsym";
				ENABLE_NS_ASSERTIONS = NO;
				ENABLE_STRICT_OBJC_MSGSEND = YES;
				GCC_C_LANGUAGE_STANDARD = gnu99;
				GCC_NO_COMMON_BLOCKS = YES;
				GCC_WARN_64_TO_32_BIT_CONVERSION = YES;
				GCC_WARN_ABOUT_RETURN_TYPE = YES_ERROR;
				GCC_WARN_UNDECLARED_SELECTOR = YES;
				GCC_WARN_UNINITIALIZED_AUTOS = YES_AGGRESSIVE;
				GCC_WARN_UNUSED_FUNCTION = YES;
				GCC_WARN_UNUSED_VARIABLE = YES;
				MACOSX_DEPLOYMENT_TARGET = 10.11;
				MTL_ENABLE_DEBUG_INFO = NO;
				SDKROOT = macosx;
			};
			name = Release;
		};
		7AE34B8E1DFBA30600969CBE /* Debug */ = {
			isa = XCBuildConfiguration;
			buildSettings = {
				PRODUCT_NAME = "$(TARGET_NAME)";
			};
			name = Debug;
		};
		7AE34B8F1DFBA30600969CBE /* Release */ = {
			isa = XCBuildConfiguration;
			buildSettings = {
				PRODUCT_NAME = "$(TARGET_NAME)";
			};
			name = Release;
		};
/* End XCBuildConfiguration section */

/* Begin XCConfigurationList section */
		7AE34B811DFBA30500969CBE /* Build configuration list for PBXProject "ichat2json" */ = {
			isa = XCConfigurationList;
			buildConfigurations = (
				7AE34B8B1DFBA30600969CBE /* Debug */,
				7AE34B8C1DFBA30600969CBE /* Release */,
			);
			defaultConfigurationIsVisible = 0;
			defaultConfigurationName = Release;
		};
		7AE34B8D1DFBA30600969CBE /* Build configuration list for PBXNativeTarget "ichat2json" */ = {
			isa = XCConfigurationList;
			buildConfigurations = (
				7AE34B8E1DFBA30600969CBE /* Debug */,
				7AE34B8F1DFBA30600969CBE /* Release */,
			);
			defaultConfigurationIsVisible = 0;
			defaultConfigurationName = Release;
		};
/* End XCConfigurationList section */
	};
	rootObject = 7AE34B7E1DFBA30500969CBE /* Project object */;
}
